
Microsoft Visual Studio Solution File, Format Version 11.00
# Visual Studio 2010
# SharpDevelop 5.1
Project("{FAE04EC0-301F-11D3-BF4B-00C04F79EFBC}") = "SettingContent-ms-Wrapper", "scmwrap\SettingContent-ms-Wrapper.csproj", "{07B59657-B9B0-489E-BCC0-FE3733CAF4D1}"
EndProject
Global
	GlobalSection(SolutionConfigurationPlatforms) = preSolution
		Debug|Any CPU = Debug|Any CPU
		Release|Any CPU = Release|Any CPU
	EndGlobalSection
	GlobalSection(ProjectConfigurationPlatforms) = postSolution
		{07B59657-B9B0-489E-BCC0-FE3733CAF4D1}.Debug|Any CPU.ActiveCfg = Debug|Any CPU
		{07B59657-B9B0-489E-BCC0-FE3733CAF4D1}.Debug|Any CPU.Build.0 = Debug|Any CPU
		{07B59657-B9B0-489E-BCC0-FE3733CAF4D1}.Release|Any CPU.ActiveCfg = Release|Any CPU
		{07B59657-B9B0-489E-BCC0-FE3733CAF4D1}.Release|Any CPU.Build.0 = Release|Any CPU
	EndGlobalSection
EndGlobal
